
Microsoft Visual Studio Solution File, Format Version 12.00
# Visual Studio Version 16
VisualStudioVersion = 16.0.31829.152
MinimumVisualStudioVersion = 10.0.40219.1
Project("{FAE04EC0-301F-11D3-BF4B-00C04F79EFBC}") = "Final_Labovkin", "Final_Labovkin\Final_Labovkin.csproj", "{2DBD127C-64E7-4DF2-8F39-74B2F094CDB5}"
EndProject
Global
	GlobalSection(SolutionConfigurationPlatforms) = preSolution
		Debug|Any CPU = Debug|Any CPU
		Release|Any CPU = Release|Any CPU
	EndGlobalSection
	GlobalSection(ProjectConfigurationPlatforms) = postSolution
		{2DBD127C-64E7-4DF2-8F39-74B2F094CDB5}.Debug|Any CPU.ActiveCfg = Debug|Any CPU
		{2DBD127C-64E7-4DF2-8F39-74B2F094CDB5}.Debug|Any CPU.Build.0 = Debug|Any CPU
		{2DBD127C-64E7-4DF2-8F39-74B2F094CDB5}.Release|Any CPU.ActiveCfg = Release|Any CPU
		{2DBD127C-64E7-4DF2-8F39-74B2F094CDB5}.Release|Any CPU.Build.0 = Release|Any CPU
	EndGlobalSection
	GlobalSection(SolutionProperties) = preSolution
		HideSolutionNode = FALSE
	EndGlobalSection
	GlobalSection(ExtensibilityGlobals) = postSolution
		SolutionGuid = {1ACE17CE-DCA3-42D0-9DD8-01649C8368CC}
	EndGlobalSection
EndGlobal
